
Microsoft Visual Studio Solution File, Format Version 12.00
# Visual Studio Version 17
VisualStudioVersion = 17.8.34330.188
MinimumVisualStudioVersion = 10.0.40219.1
Project("{FAE04EC0-301F-11D3-BF4B-00C04F79EFBC}") = "1214", "1214\1214.csproj", "{20A1C61F-6EAA-4E88-AF67-A9E887E1FA6D}"
EndProject
Global
	GlobalSection(SolutionConfigurationPlatforms) = preSolution
		Debug|Any CPU = Debug|Any CPU
		Release|Any CPU = Release|Any CPU
	EndGlobalSection
	GlobalSection(ProjectConfigurationPlatforms) = postSolution
		{20A1C61F-6EAA-4E88-AF67-A9E887E1FA6D}.Debug|Any CPU.ActiveCfg = Debug|Any CPU
		{20A1C61F-6EAA-4E88-AF67-A9E887E1FA6D}.Debug|Any CPU.Build.0 = Debug|Any CPU
		{20A1C61F-6EAA-4E88-AF67-A9E887E1FA6D}.Release|Any CPU.ActiveCfg = Release|Any CPU
		{20A1C61F-6EAA-4E88-AF67-A9E887E1FA6D}.Release|Any CPU.Build.0 = Release|Any CPU
	EndGlobalSection
	GlobalSection(SolutionProperties) = preSolution
		HideSolutionNode = FALSE
	EndGlobalSection
	GlobalSection(ExtensibilityGlobals) = postSolution
		SolutionGuid = {239AC389-D65F-46F4-BEF2-7F450B8494B8}
	EndGlobalSection
EndGlobal
